// !$*UTF8*$!
{
	archiveVersion = 1;
	classes = {
	};
	objectVersion = 77;
	objects = {

/* Begin PBXBuildFile section */
		DB5092FD2F1E4D7D00832D5C /* FirebaseAnalytics in Frameworks */ = {isa = PBXBuildFile; productRef = DB5092FC2F1E4D7D00832D5C /* FirebaseAnalytics */; };
		DB5092FF2F1E4D7D00832D5C /* FirebaseAnalyticsCore in Frameworks */ = {isa = PBXBuildFile; productRef = DB5092FE2F1E4D7D00832D5C /* FirebaseAnalyticsCore */; };
		DB5093012F1E4D7D00832D5C /* FirebaseAuth in Frameworks */ = {isa = PBXBuildFile; productRef = DB5093002F1E4D7D00832D5C /* FirebaseAuth */; };
		DB5093032F1E4D7D00832D5C /* FirebaseCore in Frameworks */ = {isa = PBXBuildFile; productRef = DB5093022F1E4D7D00832D5C /* FirebaseCore */; };
		DB50930C2F1E5C0F00832D5C /* GoogleMobileAds in Frameworks */ = {isa = PBXBuildFile; productRef = DB50930B2F1E5C0F00832D5C /* GoogleMobileAds */; };
		DB5D228F2F1E24F500267991 /* AppMetricaCore in Frameworks */ = {isa = PBXBuildFile; productRef = DB5D228E2F1E24F500267991 /* AppMetricaCore */; };
		DB5D22912F1E24F500267991 /* AppMetricaCrashes in Frameworks */ = {isa = PBXBuildFile; productRef = DB5D22902F1E24F500267991 /* AppMetricaCrashes */; };
		DB5D22972F1E2BA200267991 /* AppsFlyerLib-Static in Frameworks */ = {isa = PBXBuildFile; productRef = DB5D22962F1E2BA200267991 /* AppsFlyerLib-Static */; };
/* End PBXBuildFile section */

/* Begin PBXFileReference section */
		DB0FA7ED2F17BD5400C5E0FB /* AIMealPlanner.app */ = {isa = PBXFileReference; explicitFileType = wrapper.application; includeInIndex = 0; path = AIMealPlanner.app; sourceTree = BUILT_PRODUCTS_DIR; };
/* End PBXFileReference section */

/* Begin PBXFileSystemSynchronizedBuildFileExceptionSet section */
		DB5092FA2F1E329400832D5C /* Exceptions for "AIMealPlanner" folder in "AIMealPlanner" target */ = {
			isa = PBXFileSystemSynchronizedBuildFileExceptionSet;
			membershipExceptions = (
				Info.plist,
			);
			target = DB0FA7EC2F17BD5400C5E0FB /* AIMealPlanner */;
		};
/* End PBXFileSystemSynchronizedBuildFileExceptionSet section */

/* Begin PBXFileSystemSynchronizedRootGroup section */
		DB0FA7EF2F17BD5400C5E0FB /* AIMealPlanner */ = {
			isa = PBXFileSystemSynchronizedRootGroup;
			exceptions = (
				DB5092FA2F1E329400832D5C /* Exceptions for "AIMealPlanner" folder in "AIMealPlanner" target */,
			);
			path = AIMealPlanner;
			sourceTree = "<group>";
		};
/* End PBXFileSystemSynchronizedRootGroup section */

/* Begin PBXFrameworksBuildPhase section */
		DB0FA7EA2F17BD5400C5E0FB /* Frameworks */ = {
			isa = PBXFrameworksBuildPhase;
			buildActionMask = 2147483647;
			files = (
				DB5D22912F1E24F500267991 /* AppMetricaCrashes in Frameworks */,
				DB5093012F1E4D7D00832D5C /* FirebaseAuth in Frameworks */,
				DB5D22972F1E2BA200267991 /* AppsFlyerLib-Static in Frameworks */,
				DB5092FF2F1E4D7D00832D5C /* FirebaseAnalyticsCore in Frameworks */,
				DB50930C2F1E5C0F00832D5C /* GoogleMobileAds in Frameworks */,
				DB5093032F1E4D7D00832D5C /* FirebaseCore in Frameworks */,
				DB5092FD2F1E4D7D00832D5C /* FirebaseAnalytics in Frameworks */,
				DB5D228F2F1E24F500267991 /* AppMetricaCore in Frameworks */,
			);
			runOnlyForDeploymentPostprocessing = 0;
		};
/* End PBXFrameworksBuildPhase section */

/* Begin PBXGroup section */
		DB0FA7E42F17BD5400C5E0FB = {
			isa = PBXGroup;
			children = (
				DB0FA7EF2F17BD5400C5E0FB /* AIMealPlanner */,
				DB0FA7EE2F17BD5400C5E0FB /* Products */,
			);
			sourceTree = "<group>";
		};
		DB0FA7EE2F17BD5400C5E0FB /* Products */ = {
			isa = PBXGroup;
			children = (
				DB0FA7ED2F17BD5400C5E0FB /* AIMealPlanner.app */,
			);
			name = Products;
			sourceTree = "<group>";
		};
/* End PBXGroup section */

/* Begin PBXNativeTarget section */
		DB0FA7EC2F17BD5400C5E0FB /* AIMealPlanner */ = {
			isa = PBXNativeTarget;
			buildConfigurationList = DB0FA7F82F17BD5500C5E0FB /* Build configuration list for PBXNativeTarget "AIMealPlanner" */;
			buildPhases = (
				DB0FA7E92F17BD5400C5E0FB /* Sources */,
				DB0FA7EA2F17BD5400C5E0FB /* Frameworks */,
				DB0FA7EB2F17BD5400C5E0FB /* Resources */,
			);
			buildRules = (
			);
			dependencies = (
			);
			fileSystemSynchronizedGroups = (
				DB0FA7EF2F17BD5400C5E0FB /* AIMealPlanner */,
			);
			name = AIMealPlanner;
			packageProductDependencies = (
				DB5D228E2F1E24F500267991 /* AppMetricaCore */,
				DB5D22902F1E24F500267991 /* AppMetricaCrashes */,
				DB5D22962F1E2BA200267991 /* AppsFlyerLib-Static */,
				DB5092FC2F1E4D7D00832D5C /* FirebaseAnalytics */,
				DB5092FE2F1E4D7D00832D5C /* FirebaseAnalyticsCore */,
				DB5093002F1E4D7D00832D5C /* FirebaseAuth */,
				DB5093022F1E4D7D00832D5C /* FirebaseCore */,
				DB50930B2F1E5C0F00832D5C /* GoogleMobileAds */,
			);
			productName = AIMealPlanner;
			productReference = DB0FA7ED2F17BD5400C5E0FB /* AIMealPlanner.app */;
			productType = "com.apple.product-type.application";
		};
/* End PBXNativeTarget section */

/* Begin PBXProject section */
		DB0FA7E52F17BD5400C5E0FB /* Project object */ = {
			isa = PBXProject;
			attributes = {
				BuildIndependentTargetsInParallel = 1;
				LastSwiftUpdateCheck = 2620;
				LastUpgradeCheck = 2620;
				TargetAttributes = {
					DB0FA7EC2F17BD5400C5E0FB = {
						CreatedOnToolsVersion = 26.2;
					};
				};
			};
			buildConfigurationList = DB0FA7E82F17BD5400C5E0FB /* Build configuration list for PBXProject "AIMealPlanner" */;
			developmentRegion = en;
			hasScannedForEncodings = 0;
			knownRegions = (
				en,
				Base,
			);
			mainGroup = DB0FA7E42F17BD5400C5E0FB;
			minimizedProjectReferenceProxies = 1;
			packageReferences = (
				DB5D228D2F1E24F500267991 /* XCRemoteSwiftPackageReference "appmetrica-sdk-ios" */,
				DB5D22952F1E2BA200267991 /* XCRemoteSwiftPackageReference "AppsFlyerFramework-Static" */,
				DB5092FB2F1E4D7D00832D5C /* XCRemoteSwiftPackageReference "firebase-ios-sdk" */,
				DB50930A2F1E5C0F00832D5C /* XCRemoteSwiftPackageReference "swift-package-manager-google-mobile-ads" */,
			);
			preferredProjectObjectVersion = 77;
			productRefGroup = DB0FA7EE2F17BD5400C5E0FB /* Products */;
			projectDirPath = "";
			projectRoot = "";
			targets = (
				DB0FA7EC2F17BD5400C5E0FB /* AIMealPlanner */,
			);
		};
/* End PBXProject section */

/* Begin PBXResourcesBuildPhase section */
		DB0FA7EB2F17BD5400C5E0FB /* Resources */ = {
			isa = PBXResourcesBuildPhase;
			buildActionMask = 2147483647;
			files = (
			);
			runOnlyForDeploymentPostprocessing = 0;
		};
/* End PBXResourcesBuildPhase section */

/* Begin PBXSourcesBuildPhase section */
		DB0FA7E92F17BD5400C5E0FB /* Sources */ = {
			isa = PBXSourcesBuildPhase;
			buildActionMask = 2147483647;
			files = (
			);
			runOnlyForDeploymentPostprocessing = 0;
		};
/* End PBXSourcesBuildPhase section */

/* Begin XCBuildConfiguration section */
		DB0FA7F62F17BD5500C5E0FB /* Debug */ = {
			isa = XCBuildConfiguration;
			buildSettings = {
				ALWAYS_SEARCH_USER_PATHS = NO;
				ASSETCATALOG_COMPILER_GENERATE_SWIFT_ASSET_SYMBOL_EXTENSIONS = YES;
				CLANG_ANALYZER_NONNULL = YES;
				CLANG_ANALYZER_NUMBER_OBJECT_CONVERSION = YES_AGGRESSIVE;
				CLANG_CXX_LANGUAGE_STANDARD = "gnu++20";
				CLANG_ENABLE_MODULES = YES;
				CLANG_ENABLE_OBJC_ARC = YES;
				CLANG_ENABLE_OBJC_WEAK = YES;
				CLANG_WARN_BLOCK_CAPTURE_AUTORELEASING = YES;
				CLANG_WARN_BOOL_CONVERSION = YES;
				CLANG_WARN_COMMA = YES;
				CLANG_WARN_CONSTANT_CONVERSION = YES;
				CLANG_WARN_DEPRECATED_OBJC_IMPLEMENTATIONS = YES;
				CLANG_WARN_DIRECT_OBJC_ISA_USAGE = YES_ERROR;
				CLANG_WARN_DOCUMENTATION_COMMENTS = YES;
				CLANG_WARN_EMPTY_BODY = YES;
				CLANG_WARN_ENUM_CONVERSION = YES;
				CLANG_WARN_INFINITE_RECURSION = YES;
				CLANG_WARN_INT_CONVERSION = YES;
				CLANG_WARN_NON_LITERAL_NULL_CONVERSION = YES;
				CLANG_WARN_OBJC_IMPLICIT_RETAIN_SELF = YES;
				CLANG_WARN_OBJC_LITERAL_CONVERSION = YES;
				CLANG_WARN_OBJC_ROOT_CLASS = YES_ERROR;
				CLANG_WARN_QUOTED_INCLUDE_IN_FRAMEWORK_HEADER = YES;
				CLANG_WARN_RANGE_LOOP_ANALYSIS = YES;
				CLANG_WARN_STRICT_PROTOTYPES = YES;
				CLANG_WARN_SUSPICIOUS_MOVE = YES;
				CLANG_WARN_UNGUARDED_AVAILABILITY = YES_AGGRESSIVE;
				CLANG_WARN_UNREACHABLE_CODE = YES;
				CLANG_WARN__DUPLICATE_METHOD_MATCH = YES;
				COPY_PHASE_STRIP = NO;
				DEBUG_INFORMATION_FORMAT = dwarf;
				DEVELOPMENT_TEAM = 96X777WFT2;
				ENABLE_STRICT_OBJC_MSGSEND = YES;
				ENABLE_TESTABILITY = YES;
				ENABLE_USER_SCRIPT_SANDBOXING = YES;
				GCC_C_LANGUAGE_STANDARD = gnu17;
				GCC_DYNAMIC_NO_PIC = NO;
				GCC_NO_COMMON_BLOCKS = YES;
				GCC_OPTIMIZATION_LEVEL = 0;
				GCC_PREPROCESSOR_DEFINITIONS = (
					"DEBUG=1",
					"$(inherited)",
				);
				GCC_WARN_64_TO_32_BIT_CONVERSION = YES;
				GCC_WARN_ABOUT_RETURN_TYPE = YES_ERROR;
				GCC_WARN_UNDECLARED_SELECTOR = YES;
				GCC_WARN_UNINITIALIZED_AUTOS = YES_AGGRESSIVE;
				GCC_WARN_UNUSED_FUNCTION = YES;
				GCC_WARN_UNUSED_VARIABLE = YES;
				IPHONEOS_DEPLOYMENT_TARGET = 26.2;
				LOCALIZATION_PREFERS_STRING_CATALOGS = YES;
				MTL_ENABLE_DEBUG_INFO = INCLUDE_SOURCE;
				MTL_FAST_MATH = YES;
				ONLY_ACTIVE_ARCH = YES;
				SDKROOT = iphoneos;
				SWIFT_ACTIVE_COMPILATION_CONDITIONS = "DEBUG $(inherited)";
				SWIFT_OPTIMIZATION_LEVEL = "-Onone";
			};
			name = Debug;
		};
		DB0FA7F72F17BD5500C5E0FB /* Release */ = {
			isa = XCBuildConfiguration;
			buildSettings = {
				ALWAYS_SEARCH_USER_PATHS = NO;
				ASSETCATALOG_COMPILER_GENERATE_SWIFT_ASSET_SYMBOL_EXTENSIONS = YES;
				CLANG_ANALYZER_NONNULL = YES;
				CLANG_ANALYZER_NUMBER_OBJECT_CONVERSION = YES_AGGRESSIVE;
				CLANG_CXX_LANGUAGE_STANDARD = "gnu++20";
				CLANG_ENABLE_MODULES = YES;
				CLANG_ENABLE_OBJC_ARC = YES;
				CLANG_ENABLE_OBJC_WEAK = YES;
				CLANG_WARN_BLOCK_CAPTURE_AUTORELEASING = YES;
				CLANG_WARN_BOOL_CONVERSION = YES;
				CLANG_WARN_COMMA = YES;
				CLANG_WARN_CONSTANT_CONVERSION = YES;
				CLANG_WARN_DEPRECATED_OBJC_IMPLEMENTATIONS = YES;
				CLANG_WARN_DIRECT_OBJC_ISA_USAGE = YES_ERROR;
				CLANG_WARN_DOCUMENTATION_COMMENTS = YES;
				CLANG_WARN_EMPTY_BODY = YES;
				CLANG_WARN_ENUM_CONVERSION = YES;
				CLANG_WARN_INFINITE_RECURSION = YES;
				CLANG_WARN_INT_CONVERSION = YES;
				CLANG_WARN_NON_LITERAL_NULL_CONVERSION = YES;
				CLANG_WARN_OBJC_IMPLICIT_RETAIN_SELF = YES;
				CLANG_WARN_OBJC_LITERAL_CONVERSION = YES;
				CLANG_WARN_OBJC_ROOT_CLASS = YES_ERROR;
				CLANG_WARN_QUOTED_INCLUDE_IN_FRAMEWORK_HEADER = YES;
				CLANG_WARN_RANGE_LOOP_ANALYSIS = YES;
				CLANG_WARN_STRICT_PROTOTYPES = YES;
				CLANG_WARN_SUSPICIOUS_MOVE = YES;
				CLANG_WARN_UNGUARDED_AVAILABILITY = YES_AGGRESSIVE;
				CLANG_WARN_UNREACHABLE_CODE = YES;
				CLANG_WARN__DUPLICATE_METHOD_MATCH = YES;
				COPY_PHASE_STRIP = NO;
				DEBUG_INFORMATION_FORMAT = "dwarf-with-dsym";
				DEVELOPMENT_TEAM = 96X777WFT2;
				ENABLE_NS_ASSERTIONS = NO;
				ENABLE_STRICT_OBJC_MSGSEND = YES;
				ENABLE_USER_SCRIPT_SANDBOXING = YES;
				GCC_C_LANGUAGE_STANDARD = gnu17;
				GCC_NO_COMMON_BLOCKS = YES;
				GCC_WARN_64_TO_32_BIT_CONVERSION = YES;
				GCC_WARN_ABOUT_RETURN_TYPE = YES_ERROR;
				GCC_WARN_UNDECLARED_SELECTOR = YES;
				GCC_WARN_UNINITIALIZED_AUTOS = YES_AGGRESSIVE;
				GCC_WARN_UNUSED_FUNCTION = YES;
				GCC_WARN_UNUSED_VARIABLE = YES;
				IPHONEOS_DEPLOYMENT_TARGET = 26.2;
				LOCALIZATION_PREFERS_STRING_CATALOGS = YES;
				MTL_ENABLE_DEBUG_INFO = NO;
				MTL_FAST_MATH = YES;
				SDKROOT = iphoneos;
				SWIFT_COMPILATION_MODE = wholemodule;
				VALIDATE_PRODUCT = YES;
			};
			name = Release;
		};
		DB0FA7F92F17BD5500C5E0FB /* Debug */ = {
			isa = XCBuildConfiguration;
			buildSettings = {
				ASSETCATALOG_COMPILER_APPICON_NAME = AppIcon;
				ASSETCATALOG_COMPILER_GLOBAL_ACCENT_COLOR_NAME = AccentColor;
				CODE_SIGN_STYLE = Automatic;
				CURRENT_PROJECT_VERSION = 1;
				DEVELOPMENT_TEAM = 96X777WFT2;
				ENABLE_PREVIEWS = YES;
				GENERATE_INFOPLIST_FILE = YES;
				INFOPLIST_FILE = "$(SRCROOT)/AIMealPlanner/Info.plist";
				INFOPLIST_KEY_LSApplicationCategoryType = "public.app-category.food-and-drink";
				INFOPLIST_KEY_UIApplicationSceneManifest_Generation = YES;
				INFOPLIST_KEY_UIApplicationSupportsIndirectInputEvents = YES;
				INFOPLIST_KEY_UILaunchScreen_Generation = YES;
				INFOPLIST_KEY_UISupportedInterfaceOrientations = UIInterfaceOrientationPortrait;
				INFOPLIST_KEY_UISupportedInterfaceOrientations_iPad = "UIInterfaceOrientationLandscapeLeft UIInterfaceOrientationLandscapeRight UIInterfaceOrientationPortrait UIInterfaceOrientationPortraitUpsideDown";
				IPHONEOS_DEPLOYMENT_TARGET = 17.6;
				LD_RUNPATH_SEARCH_PATHS = (
					"$(inherited)",
					"@executable_path/Frameworks",
				);
				MARKETING_VERSION = 1.0;
				OTHER_LDFLAGS = "-Objc";
				PRODUCT_BUNDLE_IDENTIFIER = hxm9q.AIMealPlanner;
				PRODUCT_NAME = "$(TARGET_NAME)";
				STRING_CATALOG_GENERATE_SYMBOLS = YES;
				SUPPORTED_PLATFORMS = "iphoneos iphonesimulator";
				SUPPORTS_MACCATALYST = NO;
				SUPPORTS_MAC_DESIGNED_FOR_IPHONE_IPAD = NO;
				SUPPORTS_XR_DESIGNED_FOR_IPHONE_IPAD = NO;
				SWIFT_APPROACHABLE_CONCURRENCY = YES;
				SWIFT_DEFAULT_ACTOR_ISOLATION = MainActor;
				SWIFT_EMIT_LOC_STRINGS = YES;
				SWIFT_UPCOMING_FEATURE_MEMBER_IMPORT_VISIBILITY = YES;
				SWIFT_VERSION = 5.0;
				TARGETED_DEVICE_FAMILY = 1;
			};
			name = Debug;
		};
		DB0FA7FA2F17BD5500C5E0FB /* Release */ = {
			isa = XCBuildConfiguration;
			buildSettings = {
				ASSETCATALOG_COMPILER_APPICON_NAME = AppIcon;
				ASSETCATALOG_COMPILER_GLOBAL_ACCENT_COLOR_NAME = AccentColor;
				CODE_SIGN_STYLE = Automatic;
				CURRENT_PROJECT_VERSION = 1;
				DEVELOPMENT_TEAM = 96X777WFT2;
				ENABLE_PREVIEWS = YES;
				GENERATE_INFOPLIST_FILE = YES;
				INFOPLIST_FILE = "$(SRCROOT)/AIMealPlanner/Info.plist";
				INFOPLIST_KEY_LSApplicationCategoryType = "public.app-category.food-and-drink";
				INFOPLIST_KEY_UIApplicationSceneManifest_Generation = YES;
				INFOPLIST_KEY_UIApplicationSupportsIndirectInputEvents = YES;
				INFOPLIST_KEY_UILaunchScreen_Generation = YES;
				INFOPLIST_KEY_UISupportedInterfaceOrientations = UIInterfaceOrientationPortrait;
				INFOPLIST_KEY_UISupportedInterfaceOrientations_iPad = "UIInterfaceOrientationLandscapeLeft UIInterfaceOrientationLandscapeRight UIInterfaceOrientationPortrait UIInterfaceOrientationPortraitUpsideDown";
				IPHONEOS_DEPLOYMENT_TARGET = 17.6;
				LD_RUNPATH_SEARCH_PATHS = (
					"$(inherited)",
					"@executable_path/Frameworks",
				);
				MARKETING_VERSION = 1.0;
				OTHER_LDFLAGS = "-Objc";
				PRODUCT_BUNDLE_IDENTIFIER = hxm9q.AIMealPlanner;
				PRODUCT_NAME = "$(TARGET_NAME)";
				STRING_CATALOG_GENERATE_SYMBOLS = YES;
				SUPPORTED_PLATFORMS = "iphoneos iphonesimulator";
				SUPPORTS_MACCATALYST = NO;
				SUPPORTS_MAC_DESIGNED_FOR_IPHONE_IPAD = NO;
				SUPPORTS_XR_DESIGNED_FOR_IPHONE_IPAD = NO;
				SWIFT_APPROACHABLE_CONCURRENCY = YES;
				SWIFT_DEFAULT_ACTOR_ISOLATION = MainActor;
				SWIFT_EMIT_LOC_STRINGS = YES;
				SWIFT_UPCOMING_FEATURE_MEMBER_IMPORT_VISIBILITY = YES;
				SWIFT_VERSION = 5.0;
				TARGETED_DEVICE_FAMILY = 1;
			};
			name = Release;
		};
/* End XCBuildConfiguration section */

/* Begin XCConfigurationList section */
		DB0FA7E82F17BD5400C5E0FB /* Build configuration list for PBXProject "AIMealPlanner" */ = {
			isa = XCConfigurationList;
			buildConfigurations = (
				DB0FA7F62F17BD5500C5E0FB /* Debug */,
				DB0FA7F72F17BD5500C5E0FB /* Release */,
			);
			defaultConfigurationIsVisible = 0;
			defaultConfigurationName = Release;
		};
		DB0FA7F82F17BD5500C5E0FB /* Build configuration list for PBXNativeTarget "AIMealPlanner" */ = {
			isa = XCConfigurationList;
			buildConfigurations = (
				DB0FA7F92F17BD5500C5E0FB /* Debug */,
				DB0FA7FA2F17BD5500C5E0FB /* Release */,
			);
			defaultConfigurationIsVisible = 0;
			defaultConfigurationName = Release;
		};
/* End XCConfigurationList section */

/* Begin XCRemoteSwiftPackageReference section */
		DB5092FB2F1E4D7D00832D5C /* XCRemoteSwiftPackageReference "firebase-ios-sdk" */ = {
			isa = XCRemoteSwiftPackageReference;
			repositoryURL = "https://github.com/firebase/firebase-ios-sdk.git";
			requirement = {
				kind = upToNextMajorVersion;
				minimumVersion = 12.8.0;
			};
		};
		DB50930A2F1E5C0F00832D5C /* XCRemoteSwiftPackageReference "swift-package-manager-google-mobile-ads" */ = {
			isa = XCRemoteSwiftPackageReference;
			repositoryURL = "https://github.com/googleads/swift-package-manager-google-mobile-ads.git";
			requirement = {
				kind = upToNextMajorVersion;
				minimumVersion = 12.14.0;
			};
		};
		DB5D228D2F1E24F500267991 /* XCRemoteSwiftPackageReference "appmetrica-sdk-ios" */ = {
			isa = XCRemoteSwiftPackageReference;
			repositoryURL = "https://github.com/appmetrica/appmetrica-sdk-ios";
			requirement = {
				kind = upToNextMajorVersion;
				minimumVersion = 5.16.0;
			};
		};
		DB5D22952F1E2BA200267991 /* XCRemoteSwiftPackageReference "AppsFlyerFramework-Static" */ = {
			isa = XCRemoteSwiftPackageReference;
			repositoryURL = "https://github.com/AppsFlyerSDK/AppsFlyerFramework-Static";
			requirement = {
				kind = upToNextMajorVersion;
				minimumVersion = 6.17.8;
			};
		};
/* End XCRemoteSwiftPackageReference section */

/* Begin XCSwiftPackageProductDependency section */
		DB5092FC2F1E4D7D00832D5C /* FirebaseAnalytics */ = {
			isa = XCSwiftPackageProductDependency;
			package = DB5092FB2F1E4D7D00832D5C /* XCRemoteSwiftPackageReference "firebase-ios-sdk" */;
			productName = FirebaseAnalytics;
		};
		DB5092FE2F1E4D7D00832D5C /* FirebaseAnalyticsCore */ = {
			isa = XCSwiftPackageProductDependency;
			package = DB5092FB2F1E4D7D00832D5C /* XCRemoteSwiftPackageReference "firebase-ios-sdk" */;
			productName = FirebaseAnalyticsCore;
		};
		DB5093002F1E4D7D00832D5C /* FirebaseAuth */ = {
			isa = XCSwiftPackageProductDependency;
			package = DB5092FB2F1E4D7D00832D5C /* XCRemoteSwiftPackageReference "firebase-ios-sdk" */;
			productName = FirebaseAuth;
		};
		DB5093022F1E4D7D00832D5C /* FirebaseCore */ = {
			isa = XCSwiftPackageProductDependency;
			package = DB5092FB2F1E4D7D00832D5C /* XCRemoteSwiftPackageReference "firebase-ios-sdk" */;
			productName = FirebaseCore;
		};
		DB50930B2F1E5C0F00832D5C /* GoogleMobileAds */ = {
			isa = XCSwiftPackageProductDependency;
			package = DB50930A2F1E5C0F00832D5C /* XCRemoteSwiftPackageReference "swift-package-manager-google-mobile-ads" */;
			productName = GoogleMobileAds;
		};
		DB5D228E2F1E24F500267991 /* AppMetricaCore */ = {
			isa = XCSwiftPackageProductDependency;
			package = DB5D228D2F1E24F500267991 /* XCRemoteSwiftPackageReference "appmetrica-sdk-ios" */;
			productName = AppMetricaCore;
		};
		DB5D22902F1E24F500267991 /* AppMetricaCrashes */ = {
			isa = XCSwiftPackageProductDependency;
			package = DB5D228D2F1E24F500267991 /* XCRemoteSwiftPackageReference "appmetrica-sdk-ios" */;
			productName = AppMetricaCrashes;
		};
		DB5D22962F1E2BA200267991 /* AppsFlyerLib-Static */ = {
			isa = XCSwiftPackageProductDependency;
			package = DB5D22952F1E2BA200267991 /* XCRemoteSwiftPackageReference "AppsFlyerFramework-Static" */;
			productName = "AppsFlyerLib-Static";
		};
/* End XCSwiftPackageProductDependency section */
	};
	rootObject = DB0FA7E52F17BD5400C5E0FB /* Project object */;
}
